{
    "name": "@enterprize/angular-ui",
    "version": "1.0.0",
    "lockfileVersion": 1,
    "requires": true,
    "dependencies": {
        "@enterprize/exceptions": {
            "version": "1.0.2",
            "resolved": "https://registry.npmjs.org/@enterprize/exceptions/-/exceptions-1.0.2.tgz",
            "integrity": "sha512-W96t9UVZZUum2pt2Fa4ZDS6JwgokPtAJiqYT8t7bJCPzLBlCfTEIQ4obcOHKAgQHsFjcRw7ZB7pWuNb36dDA0A=="
        },
        "@enterprize/string-formatter": {
            "version": "1.0.0",
            "resolved": "https://registry.npmjs.org/@enterprize/string-formatter/-/string-formatter-1.0.0.tgz",
            "integrity": "sha512-hbcGUDbaJlm3pfhtPsA30yCXsuKG4FIRI9rceETWuMNsl6vvf3UJ5F6giDdlzdz7BeOXIqSsIjgQWVEwTfyw+A=="
        }
    }
}
